
Microsoft Visual Studio Solution File, Format Version 12.00
# Visual Studio Version 16
VisualStudioVersion = 16.0.30907.101
MinimumVisualStudioVersion = 10.0.40219.1
Project("{FAE04EC0-301F-11D3-BF4B-00C04F79EFBC}") = "FileTransfer", "FileTransfer\FileTransfer.csproj", "{2CC1ABDC-BE3F-4192-BCFA-0386A661D96F}"
EndProject
Global
	GlobalSection(SolutionConfigurationPlatforms) = preSolution
		Debug|Any CPU = Debug|Any CPU
		Release|Any CPU = Release|Any CPU
	EndGlobalSection
	GlobalSection(ProjectConfigurationPlatforms) = postSolution
		{2CC1ABDC-BE3F-4192-BCFA-0386A661D96F}.Debug|Any CPU.ActiveCfg = Debug|Any CPU
		{2CC1ABDC-BE3F-4192-BCFA-0386A661D96F}.Debug|Any CPU.Build.0 = Debug|Any CPU
		{2CC1ABDC-BE3F-4192-BCFA-0386A661D96F}.Release|Any CPU.ActiveCfg = Release|Any CPU
		{2CC1ABDC-BE3F-4192-BCFA-0386A661D96F}.Release|Any CPU.Build.0 = Release|Any CPU
	EndGlobalSection
	GlobalSection(SolutionProperties) = preSolution
		HideSolutionNode = FALSE
	EndGlobalSection
	GlobalSection(ExtensibilityGlobals) = postSolution
		SolutionGuid = {9F9E01DC-0922-4380-B751-C74277A5A6AF}
	EndGlobalSection
EndGlobal
